
Microsoft Visual Studio Solution File, Format Version 12.00
# Visual Studio Version 16
VisualStudioVersion = 16.0.30503.244
MinimumVisualStudioVersion = 10.0.40219.1
Project("{FAE04EC0-301F-11D3-BF4B-00C04F79EFBC}") = "SoftUniCoursePlanning", "SoftUniCoursePlanning\SoftUniCoursePlanning.csproj", "{9C6E0694-027A-4666-A5BE-1555517A9F8B}"
EndProject
Global
	GlobalSection(SolutionConfigurationPlatforms) = preSolution
		Debug|Any CPU = Debug|Any CPU
		Release|Any CPU = Release|Any CPU
	EndGlobalSection
	GlobalSection(ProjectConfigurationPlatforms) = postSolution
		{9C6E0694-027A-4666-A5BE-1555517A9F8B}.Debug|Any CPU.ActiveCfg = Debug|Any CPU
		{9C6E0694-027A-4666-A5BE-1555517A9F8B}.Debug|Any CPU.Build.0 = Debug|Any CPU
		{9C6E0694-027A-4666-A5BE-1555517A9F8B}.Release|Any CPU.ActiveCfg = Release|Any CPU
		{9C6E0694-027A-4666-A5BE-1555517A9F8B}.Release|Any CPU.Build.0 = Release|Any CPU
	EndGlobalSection
	GlobalSection(SolutionProperties) = preSolution
		HideSolutionNode = FALSE
	EndGlobalSection
	GlobalSection(ExtensibilityGlobals) = postSolution
		SolutionGuid = {75D0E629-6E69-46B5-84C5-8797A3C71497}
	EndGlobalSection
EndGlobal
