
Microsoft Visual Studio Solution File, Format Version 12.00
# Visual Studio Version 16
VisualStudioVersion = 16.0.30503.244
MinimumVisualStudioVersion = 10.0.40219.1
Project("{FAE04EC0-301F-11D3-BF4B-00C04F79EFBC}") = "MuOnline", "MuOnline\MuOnline.csproj", "{06049B0B-A05A-45F0-9952-9830746A4440}"
EndProject
Global
	GlobalSection(SolutionConfigurationPlatforms) = preSolution
		Debug|Any CPU = Debug|Any CPU
		Release|Any CPU = Release|Any CPU
	EndGlobalSection
	GlobalSection(ProjectConfigurationPlatforms) = postSolution
		{06049B0B-A05A-45F0-9952-9830746A4440}.Debug|Any CPU.ActiveCfg = Debug|Any CPU
		{06049B0B-A05A-45F0-9952-9830746A4440}.Debug|Any CPU.Build.0 = Debug|Any CPU
		{06049B0B-A05A-45F0-9952-9830746A4440}.Release|Any CPU.ActiveCfg = Release|Any CPU
		{06049B0B-A05A-45F0-9952-9830746A4440}.Release|Any CPU.Build.0 = Release|Any CPU
	EndGlobalSection
	GlobalSection(SolutionProperties) = preSolution
		HideSolutionNode = FALSE
	EndGlobalSection
	GlobalSection(ExtensibilityGlobals) = postSolution
		SolutionGuid = {1A588940-B782-43CE-BCBB-CC80E4D4C593}
	EndGlobalSection
EndGlobal
