
Microsoft Visual Studio Solution File, Format Version 12.00
# Visual Studio Version 16
VisualStudioVersion = 16.0.30503.244
MinimumVisualStudioVersion = 10.0.40219.1
Project("{FAE04EC0-301F-11D3-BF4B-00C04F79EFBC}") = "BombsMatrix", "BombsMatrix\BombsMatrix.csproj", "{270B4D20-5228-413A-815A-957266532009}"
EndProject
Global
	GlobalSection(SolutionConfigurationPlatforms) = preSolution
		Debug|Any CPU = Debug|Any CPU
		Release|Any CPU = Release|Any CPU
	EndGlobalSection
	GlobalSection(ProjectConfigurationPlatforms) = postSolution
		{270B4D20-5228-413A-815A-957266532009}.Debug|Any CPU.ActiveCfg = Debug|Any CPU
		{270B4D20-5228-413A-815A-957266532009}.Debug|Any CPU.Build.0 = Debug|Any CPU
		{270B4D20-5228-413A-815A-957266532009}.Release|Any CPU.ActiveCfg = Release|Any CPU
		{270B4D20-5228-413A-815A-957266532009}.Release|Any CPU.Build.0 = Release|Any CPU
	EndGlobalSection
	GlobalSection(SolutionProperties) = preSolution
		HideSolutionNode = FALSE
	EndGlobalSection
	GlobalSection(ExtensibilityGlobals) = postSolution
		SolutionGuid = {7A5CD48F-CF89-46A3-9E56-3FE156294A22}
	EndGlobalSection
EndGlobal
