
Microsoft Visual Studio Solution File, Format Version 12.00
# Visual Studio Version 16
VisualStudioVersion = 16.0.30503.244
MinimumVisualStudioVersion = 10.0.40219.1
Project("{FAE04EC0-301F-11D3-BF4B-00C04F79EFBC}") = "TicTacToe WinForms", "TicTacToe WinForms\TicTacToe WinForms.csproj", "{85EC8A09-3A55-4BB3-B313-A5568D643D7E}"
EndProject
Global
	GlobalSection(SolutionConfigurationPlatforms) = preSolution
		Debug|Any CPU = Debug|Any CPU
		Release|Any CPU = Release|Any CPU
	EndGlobalSection
	GlobalSection(ProjectConfigurationPlatforms) = postSolution
		{85EC8A09-3A55-4BB3-B313-A5568D643D7E}.Debug|Any CPU.ActiveCfg = Debug|Any CPU
		{85EC8A09-3A55-4BB3-B313-A5568D643D7E}.Debug|Any CPU.Build.0 = Debug|Any CPU
		{85EC8A09-3A55-4BB3-B313-A5568D643D7E}.Release|Any CPU.ActiveCfg = Release|Any CPU
		{85EC8A09-3A55-4BB3-B313-A5568D643D7E}.Release|Any CPU.Build.0 = Release|Any CPU
	EndGlobalSection
	GlobalSection(SolutionProperties) = preSolution
		HideSolutionNode = FALSE
	EndGlobalSection
	GlobalSection(ExtensibilityGlobals) = postSolution
		SolutionGuid = {9A9E68CA-2DB2-4123-8A15-95BCAB5D8807}
	EndGlobalSection
EndGlobal
