
Microsoft Visual Studio Solution File, Format Version 12.00
# Visual Studio 15
VisualStudioVersion = 15.0.28307.539
MinimumVisualStudioVersion = 10.0.40219.1
Project("{FAE04EC0-301F-11D3-BF4B-00C04F79EFBC}") = "WindowsCalculator", "WindowsCalculator\WindowsCalculator.csproj", "{95750E25-BEDC-4BBB-8856-3538EF62ED73}"
EndProject
Global
	GlobalSection(SolutionConfigurationPlatforms) = preSolution
		Debug|Any CPU = Debug|Any CPU
		Release|Any CPU = Release|Any CPU
	EndGlobalSection
	GlobalSection(ProjectConfigurationPlatforms) = postSolution
		{95750E25-BEDC-4BBB-8856-3538EF62ED73}.Debug|Any CPU.ActiveCfg = Debug|Any CPU
		{95750E25-BEDC-4BBB-8856-3538EF62ED73}.Debug|Any CPU.Build.0 = Debug|Any CPU
		{95750E25-BEDC-4BBB-8856-3538EF62ED73}.Release|Any CPU.ActiveCfg = Release|Any CPU
		{95750E25-BEDC-4BBB-8856-3538EF62ED73}.Release|Any CPU.Build.0 = Release|Any CPU
	EndGlobalSection
	GlobalSection(SolutionProperties) = preSolution
		HideSolutionNode = FALSE
	EndGlobalSection
	GlobalSection(ExtensibilityGlobals) = postSolution
		SolutionGuid = {FB69F4BA-E72B-4337-8B48-EDB3A88E8C2A}
	EndGlobalSection
EndGlobal
