
Microsoft Visual Studio Solution File, Format Version 12.00
# Visual Studio Version 16
VisualStudioVersion = 16.0.30503.244
MinimumVisualStudioVersion = 10.0.40219.1
Project("{FAE04EC0-301F-11D3-BF4B-00C04F79EFBC}") = "DrumSet", "DrumSet\DrumSet.csproj", "{D38E8140-80DB-46FB-BB74-10C69115D252}"
EndProject
Global
	GlobalSection(SolutionConfigurationPlatforms) = preSolution
		Debug|Any CPU = Debug|Any CPU
		Release|Any CPU = Release|Any CPU
	EndGlobalSection
	GlobalSection(ProjectConfigurationPlatforms) = postSolution
		{D38E8140-80DB-46FB-BB74-10C69115D252}.Debug|Any CPU.ActiveCfg = Debug|Any CPU
		{D38E8140-80DB-46FB-BB74-10C69115D252}.Debug|Any CPU.Build.0 = Debug|Any CPU
		{D38E8140-80DB-46FB-BB74-10C69115D252}.Release|Any CPU.ActiveCfg = Release|Any CPU
		{D38E8140-80DB-46FB-BB74-10C69115D252}.Release|Any CPU.Build.0 = Release|Any CPU
	EndGlobalSection
	GlobalSection(SolutionProperties) = preSolution
		HideSolutionNode = FALSE
	EndGlobalSection
	GlobalSection(ExtensibilityGlobals) = postSolution
		SolutionGuid = {8AEB72C6-97D2-458F-A2A4-CD982FD0990A}
	EndGlobalSection
EndGlobal
